// !$*UTF8*$!
{
	archiveVersion = 1;
	classes = {
	};
	objectVersion = 56;
	objects = {

/* Begin PBXBuildFile section */
		38E1E09F2BF8E9390063DF24 /* SkyPulseApp.swift in Sources */ = {isa = PBXBuildFile; fileRef = 38E1E09E2BF8E9390063DF24 /* SkyPulseApp.swift */; };
		38E1E0A12BF8E9390063DF24 /* ContentView.swift in Sources */ = {isa = PBXBuildFile; fileRef = 38E1E0A02BF8E9390063DF24 /* ContentView.swift */; };
		38E1E0A32BF8E93C0063DF24 /* Assets.xcassets in Resources */ = {isa = PBXBuildFile; fileRef = 38E1E0A22BF8E93C0063DF24 /* Assets.xcassets */; };
		38E1E0A62BF8E93C0063DF24 /* Preview Assets.xcassets in Resources */ = {isa = PBXBuildFile; fileRef = 38E1E0A52BF8E93C0063DF24 /* Preview Assets.xcassets */; };
		38E1E0C92BF8F2FC0063DF24 /* LocationManager.swift in Sources */ = {isa = PBXBuildFile; fileRef = 38E1E0C82BF8F2FC0063DF24 /* LocationManager.swift */; };
		38E1E0CE2BF8F6B00063DF24 /* WeatherData.swift in Sources */ = {isa = PBXBuildFile; fileRef = 38E1E0CD2BF8F6B00063DF24 /* WeatherData.swift */; };
		38E1E0D02BF912680063DF24 /* NetworkManager.swift in Sources */ = {isa = PBXBuildFile; fileRef = 38E1E0CF2BF912680063DF24 /* NetworkManager.swift */; };
/* End PBXBuildFile section */

/* Begin PBXContainerItemProxy section */
		38E1E0AC2BF8E93C0063DF24 /* PBXContainerItemProxy */ = {
			isa = PBXContainerItemProxy;
			containerPortal = 38E1E0932BF8E9390063DF24 /* Project object */;
			proxyType = 1;
			remoteGlobalIDString = 38E1E09A2BF8E9390063DF24;
			remoteInfo = SkyPulse;
		};
		38E1E0B62BF8E93C0063DF24 /* PBXContainerItemProxy */ = {
			isa = PBXContainerItemProxy;
			containerPortal = 38E1E0932BF8E9390063DF24 /* Project object */;
			proxyType = 1;
			remoteGlobalIDString = 38E1E09A2BF8E9390063DF24;
			remoteInfo = SkyPulse;
		};
/* End PBXContainerItemProxy section */

/* Begin PBXFileReference section */
		38E1E09B2BF8E9390063DF24 /* SkyPulse.app */ = {isa = PBXFileReference; explicitFileType = wrapper.application; includeInIndex = 0; path = SkyPulse.app; sourceTree = BUILT_PRODUCTS_DIR; };
		38E1E09E2BF8E9390063DF24 /* SkyPulseApp.swift */ = {isa = PBXFileReference; lastKnownFileType = sourcecode.swift; path = SkyPulseApp.swift; sourceTree = "<group>"; };
		38E1E0A02BF8E9390063DF24 /* ContentView.swift */ = {isa = PBXFileReference; lastKnownFileType = sourcecode.swift; path = ContentView.swift; sourceTree = "<group>"; };
		38E1E0A22BF8E93C0063DF24 /* Assets.xcassets */ = {isa = PBXFileReference; lastKnownFileType = folder.assetcatalog; path = Assets.xcassets; sourceTree = "<group>"; };
		38E1E0A52BF8E93C0063DF24 /* Preview Assets.xcassets */ = {isa = PBXFileReference; lastKnownFileType = folder.assetcatalog; path = "Preview Assets.xcassets"; sourceTree = "<group>"; };
		38E1E0AB2BF8E93C0063DF24 /* SkyPulseTests.xctest */ = {isa = PBXFileReference; explicitFileType = wrapper.cfbundle; includeInIndex = 0; path = SkyPulseTests.xctest; sourceTree = BUILT_PRODUCTS_DIR; };
		38E1E0B52BF8E93C0063DF24 /* SkyPulseUITests.xctest */ = {isa = PBXFileReference; explicitFileType = wrapper.cfbundle; includeInIndex = 0; path = SkyPulseUITests.xctest; sourceTree = BUILT_PRODUCTS_DIR; };
		38E1E0C82BF8F2FC0063DF24 /* LocationManager.swift */ = {isa = PBXFileReference; lastKnownFileType = sourcecode.swift; path = LocationManager.swift; sourceTree = "<group>"; };
		38E1E0CD2BF8F6B00063DF24 /* WeatherData.swift */ = {isa = PBXFileReference; lastKnownFileType = sourcecode.swift; path = WeatherData.swift; sourceTree = "<group>"; };
		38E1E0CF2BF912680063DF24 /* NetworkManager.swift */ = {isa = PBXFileReference; lastKnownFileType = sourcecode.swift; path = NetworkManager.swift; sourceTree = "<group>"; };
/* End PBXFileReference section */

/* Begin PBXFrameworksBuildPhase section */
		38E1E0982BF8E9390063DF24 /* Frameworks */ = {
			isa = PBXFrameworksBuildPhase;
			buildActionMask = 2147483647;
			files = (
			);
			runOnlyForDeploymentPostprocessing = 0;
		};
		38E1E0A82BF8E93C0063DF24 /* Frameworks */ = {
			isa = PBXFrameworksBuildPhase;
			buildActionMask = 2147483647;
			files = (
			);
			runOnlyForDeploymentPostprocessing = 0;
		};
		38E1E0B22BF8E93C0063DF24 /* Frameworks */ = {
			isa = PBXFrameworksBuildPhase;
			buildActionMask = 2147483647;
			files = (
			);
			runOnlyForDeploymentPostprocessing = 0;
		};
/* End PBXFrameworksBuildPhase section */

/* Begin PBXGroup section */
		38E1E0922BF8E9390063DF24 = {
			isa = PBXGroup;
			children = (
				38E1E09D2BF8E9390063DF24 /* SkyPulse */,
				38E1E09C2BF8E9390063DF24 /* Products */,
			);
			sourceTree = "<group>";
		};
		38E1E09C2BF8E9390063DF24 /* Products */ = {
			isa = PBXGroup;
			children = (
				38E1E09B2BF8E9390063DF24 /* SkyPulse.app */,
				38E1E0AB2BF8E93C0063DF24 /* SkyPulseTests.xctest */,
				38E1E0B52BF8E93C0063DF24 /* SkyPulseUITests.xctest */,
			);
			name = Products;
			sourceTree = "<group>";
		};
		38E1E09D2BF8E9390063DF24 /* SkyPulse */ = {
			isa = PBXGroup;
			children = (
				38E1E0CA2BF8F65F0063DF24 /* Modules */,
				38E1E09E2BF8E9390063DF24 /* SkyPulseApp.swift */,
				38E1E0A02BF8E9390063DF24 /* ContentView.swift */,
				38E1E0A22BF8E93C0063DF24 /* Assets.xcassets */,
				38E1E0A42BF8E93C0063DF24 /* Preview Content */,
			);
			path = SkyPulse;
			sourceTree = "<group>";
		};
		38E1E0A42BF8E93C0063DF24 /* Preview Content */ = {
			isa = PBXGroup;
			children = (
				38E1E0A52BF8E93C0063DF24 /* Preview Assets.xcassets */,
			);
			path = "Preview Content";
			sourceTree = "<group>";
		};
		38E1E0CA2BF8F65F0063DF24 /* Modules */ = {
			isa = PBXGroup;
			children = (
				38E1E0CC2BF8F6890063DF24 /* Model */,
				38E1E0CB2BF8F6710063DF24 /* First_Screen */,
			);
			path = Modules;
			sourceTree = "<group>";
		};
		38E1E0CB2BF8F6710063DF24 /* First_Screen */ = {
			isa = PBXGroup;
			children = (
			);
			path = First_Screen;
			sourceTree = "<group>";
		};
		38E1E0CC2BF8F6890063DF24 /* Model */ = {
			isa = PBXGroup;
			children = (
				38E1E0C82BF8F2FC0063DF24 /* LocationManager.swift */,
				38E1E0CF2BF912680063DF24 /* NetworkManager.swift */,
				38E1E0CD2BF8F6B00063DF24 /* WeatherData.swift */,
			);
			path = Model;
			sourceTree = "<group>";
		};
/* End PBXGroup section */

/* Begin PBXNativeTarget section */
		38E1E09A2BF8E9390063DF24 /* SkyPulse */ = {
			isa = PBXNativeTarget;
			buildConfigurationList = 38E1E0BF2BF8E93C0063DF24 /* Build configuration list for PBXNativeTarget "SkyPulse" */;
			buildPhases = (
				38E1E0972BF8E9390063DF24 /* Sources */,
				38E1E0982BF8E9390063DF24 /* Frameworks */,
				38E1E0992BF8E9390063DF24 /* Resources */,
			);
			buildRules = (
			);
			dependencies = (
			);
			name = SkyPulse;
			productName = SkyPulse;
			productReference = 38E1E09B2BF8E9390063DF24 /* SkyPulse.app */;
			productType = "com.apple.product-type.application";
		};
		38E1E0AA2BF8E93C0063DF24 /* SkyPulseTests */ = {
			isa = PBXNativeTarget;
			buildConfigurationList = 38E1E0C22BF8E93C0063DF24 /* Build configuration list for PBXNativeTarget "SkyPulseTests" */;
			buildPhases = (
				38E1E0A72BF8E93C0063DF24 /* Sources */,
				38E1E0A82BF8E93C0063DF24 /* Frameworks */,
				38E1E0A92BF8E93C0063DF24 /* Resources */,
			);
			buildRules = (
			);
			dependencies = (
				38E1E0AD2BF8E93C0063DF24 /* PBXTargetDependency */,
			);
			name = SkyPulseTests;
			productName = SkyPulseTests;
			productReference = 38E1E0AB2BF8E93C0063DF24 /* SkyPulseTests.xctest */;
			productType = "com.apple.product-type.bundle.unit-test";
		};
		38E1E0B42BF8E93C0063DF24 /* SkyPulseUITests */ = {
			isa = PBXNativeTarget;
			buildConfigurationList = 38E1E0C52BF8E93C0063DF24 /* Build configuration list for PBXNativeTarget "SkyPulseUITests" */;
			buildPhases = (
				38E1E0B12BF8E93C0063DF24 /* Sources */,
				38E1E0B22BF8E93C0063DF24 /* Frameworks */,
				38E1E0B32BF8E93C0063DF24 /* Resources */,
			);
			buildRules = (
			);
			dependencies = (
				38E1E0B72BF8E93C0063DF24 /* PBXTargetDependency */,
			);
			name = SkyPulseUITests;
			productName = SkyPulseUITests;
			productReference = 38E1E0B52BF8E93C0063DF24 /* SkyPulseUITests.xctest */;
			productType = "com.apple.product-type.bundle.ui-testing";
		};
/* End PBXNativeTarget section */

/* Begin PBXProject section */
		38E1E0932BF8E9390063DF24 /* Project object */ = {
			isa = PBXProject;
			attributes = {
				BuildIndependentTargetsInParallel = 1;
				LastSwiftUpdateCheck = 1530;
				LastUpgradeCheck = 1530;
				TargetAttributes = {
					38E1E09A2BF8E9390063DF24 = {
						CreatedOnToolsVersion = 15.3;
					};
					38E1E0AA2BF8E93C0063DF24 = {
						CreatedOnToolsVersion = 15.3;
						TestTargetID = 38E1E09A2BF8E9390063DF24;
					};
					38E1E0B42BF8E93C0063DF24 = {
						CreatedOnToolsVersion = 15.3;
						TestTargetID = 38E1E09A2BF8E9390063DF24;
					};
				};
			};
			buildConfigurationList = 38E1E0962BF8E9390063DF24 /* Build configuration list for PBXProject "SkyPulse" */;
			compatibilityVersion = "Xcode 14.0";
			developmentRegion = en;
			hasScannedForEncodings = 0;
			knownRegions = (
				en,
				Base,
			);
			mainGroup = 38E1E0922BF8E9390063DF24;
			productRefGroup = 38E1E09C2BF8E9390063DF24 /* Products */;
			projectDirPath = "";
			projectRoot = "";
			targets = (
				38E1E09A2BF8E9390063DF24 /* SkyPulse */,
				38E1E0AA2BF8E93C0063DF24 /* SkyPulseTests */,
				38E1E0B42BF8E93C0063DF24 /* SkyPulseUITests */,
			);
		};
/* End PBXProject section */

/* Begin PBXResourcesBuildPhase section */
		38E1E0992BF8E9390063DF24 /* Resources */ = {
			isa = PBXResourcesBuildPhase;
			buildActionMask = 2147483647;
			files = (
				38E1E0A62BF8E93C0063DF24 /* Preview Assets.xcassets in Resources */,
				38E1E0A32BF8E93C0063DF24 /* Assets.xcassets in Resources */,
			);
			runOnlyForDeploymentPostprocessing = 0;
		};
		38E1E0A92BF8E93C0063DF24 /* Resources */ = {
			isa = PBXResourcesBuildPhase;
			buildActionMask = 2147483647;
			files = (
			);
			runOnlyForDeploymentPostprocessing = 0;
		};
		38E1E0B32BF8E93C0063DF24 /* Resources */ = {
			isa = PBXResourcesBuildPhase;
			buildActionMask = 2147483647;
			files = (
			);
			runOnlyForDeploymentPostprocessing = 0;
		};
/* End PBXResourcesBuildPhase section */

/* Begin PBXSourcesBuildPhase section */
		38E1E0972BF8E9390063DF24 /* Sources */ = {
			isa = PBXSourcesBuildPhase;
			buildActionMask = 2147483647;
			files = (
				38E1E0CE2BF8F6B00063DF24 /* WeatherData.swift in Sources */,
				38E1E0A12BF8E9390063DF24 /* ContentView.swift in Sources */,
				38E1E0D02BF912680063DF24 /* NetworkManager.swift in Sources */,
				38E1E09F2BF8E9390063DF24 /* SkyPulseApp.swift in Sources */,
				38E1E0C92BF8F2FC0063DF24 /* LocationManager.swift in Sources */,
			);
			runOnlyForDeploymentPostprocessing = 0;
		};
		38E1E0A72BF8E93C0063DF24 /* Sources */ = {
			isa = PBXSourcesBuildPhase;
			buildActionMask = 2147483647;
			files = (
			);
			runOnlyForDeploymentPostprocessing = 0;
		};
		38E1E0B12BF8E93C0063DF24 /* Sources */ = {
			isa = PBXSourcesBuildPhase;
			buildActionMask = 2147483647;
			files = (
			);
			runOnlyForDeploymentPostprocessing = 0;
		};
/* End PBXSourcesBuildPhase section */

/* Begin PBXTargetDependency section */
		38E1E0AD2BF8E93C0063DF24 /* PBXTargetDependency */ = {
			isa = PBXTargetDependency;
			target = 38E1E09A2BF8E9390063DF24 /* SkyPulse */;
			targetProxy = 38E1E0AC2BF8E93C0063DF24 /* PBXContainerItemProxy */;
		};
		38E1E0B72BF8E93C0063DF24 /* PBXTargetDependency */ = {
			isa = PBXTargetDependency;
			target = 38E1E09A2BF8E9390063DF24 /* SkyPulse */;
			targetProxy = 38E1E0B62BF8E93C0063DF24 /* PBXContainerItemProxy */;
		};
/* End PBXTargetDependency section */

/* Begin XCBuildConfiguration section */
		38E1E0BD2BF8E93C0063DF24 /* Debug */ = {
			isa = XCBuildConfiguration;
			buildSettings = {
				ALWAYS_SEARCH_USER_PATHS = NO;
				ASSETCATALOG_COMPILER_GENERATE_SWIFT_ASSET_SYMBOL_EXTENSIONS = YES;
				CLANG_ANALYZER_NONNULL = YES;
				CLANG_ANALYZER_NUMBER_OBJECT_CONVERSION = YES_AGGRESSIVE;
				CLANG_CXX_LANGUAGE_STANDARD = "gnu++20";
				CLANG_ENABLE_MODULES = YES;
				CLANG_ENABLE_OBJC_ARC = YES;
				CLANG_ENABLE_OBJC_WEAK = YES;
				CLANG_WARN_BLOCK_CAPTURE_AUTORELEASING = YES;
				CLANG_WARN_BOOL_CONVERSION = YES;
				CLANG_WARN_COMMA = YES;
				CLANG_WARN_CONSTANT_CONVERSION = YES;
				CLANG_WARN_DEPRECATED_OBJC_IMPLEMENTATIONS = YES;
				CLANG_WARN_DIRECT_OBJC_ISA_USAGE = YES_ERROR;
				CLANG_WARN_DOCUMENTATION_COMMENTS = YES;
				CLANG_WARN_EMPTY_BODY = YES;
				CLANG_WARN_ENUM_CONVERSION = YES;
				CLANG_WARN_INFINITE_RECURSION = YES;
				CLANG_WARN_INT_CONVERSION = YES;
				CLANG_WARN_NON_LITERAL_NULL_CONVERSION = YES;
				CLANG_WARN_OBJC_IMPLICIT_RETAIN_SELF = YES;
				CLANG_WARN_OBJC_LITERAL_CONVERSION = YES;
				CLANG_WARN_OBJC_ROOT_CLASS = YES_ERROR;
				CLANG_WARN_QUOTED_INCLUDE_IN_FRAMEWORK_HEADER = YES;
				CLANG_WARN_RANGE_LOOP_ANALYSIS = YES;
				CLANG_WARN_STRICT_PROTOTYPES = YES;
				CLANG_WARN_SUSPICIOUS_MOVE = YES;
				CLANG_WARN_UNGUARDED_AVAILABILITY = YES_AGGRESSIVE;
				CLANG_WARN_UNREACHABLE_CODE = YES;
				CLANG_WARN__DUPLICATE_METHOD_MATCH = YES;
				COPY_PHASE_STRIP = NO;
				DEBUG_INFORMATION_FORMAT = dwarf;
				ENABLE_STRICT_OBJC_MSGSEND = YES;
				ENABLE_TESTABILITY = YES;
				ENABLE_USER_SCRIPT_SANDBOXING = YES;
				GCC_C_LANGUAGE_STANDARD = gnu17;
				GCC_DYNAMIC_NO_PIC = NO;
				GCC_NO_COMMON_BLOCKS = YES;
				GCC_OPTIMIZATION_LEVEL = 0;
				GCC_PREPROCESSOR_DEFINITIONS = (
					"DEBUG=1",
					"$(inherited)",
				);
				GCC_WARN_64_TO_32_BIT_CONVERSION = YES;
				GCC_WARN_ABOUT_RETURN_TYPE = YES_ERROR;
				GCC_WARN_UNDECLARED_SELECTOR = YES;
				GCC_WARN_UNINITIALIZED_AUTOS = YES_AGGRESSIVE;
				GCC_WARN_UNUSED_FUNCTION = YES;
				GCC_WARN_UNUSED_VARIABLE = YES;
				IPHONEOS_DEPLOYMENT_TARGET = 17.4;
				LOCALIZATION_PREFERS_STRING_CATALOGS = YES;
				MTL_ENABLE_DEBUG_INFO = INCLUDE_SOURCE;
				MTL_FAST_MATH = YES;
				ONLY_ACTIVE_ARCH = YES;
				SDKROOT = iphoneos;
				SWIFT_ACTIVE_COMPILATION_CONDITIONS = "DEBUG $(inherited)";
				SWIFT_OPTIMIZATION_LEVEL = "-Onone";
			};
			name = Debug;
		};
		38E1E0BE2BF8E93C0063DF24 /* Release */ = {
			isa = XCBuildConfiguration;
			buildSettings = {
				ALWAYS_SEARCH_USER_PATHS = NO;
				ASSETCATALOG_COMPILER_GENERATE_SWIFT_ASSET_SYMBOL_EXTENSIONS = YES;
				CLANG_ANALYZER_NONNULL = YES;
				CLANG_ANALYZER_NUMBER_OBJECT_CONVERSION = YES_AGGRESSIVE;
				CLANG_CXX_LANGUAGE_STANDARD = "gnu++20";
				CLANG_ENABLE_MODULES = YES;
				CLANG_ENABLE_OBJC_ARC = YES;
				CLANG_ENABLE_OBJC_WEAK = YES;
				CLANG_WARN_BLOCK_CAPTURE_AUTORELEASING = YES;
				CLANG_WARN_BOOL_CONVERSION = YES;
				CLANG_WARN_COMMA = YES;
				CLANG_WARN_CONSTANT_CONVERSION = YES;
				CLANG_WARN_DEPRECATED_OBJC_IMPLEMENTATIONS = YES;
				CLANG_WARN_DIRECT_OBJC_ISA_USAGE = YES_ERROR;
				CLANG_WARN_DOCUMENTATION_COMMENTS = YES;
				CLANG_WARN_EMPTY_BODY = YES;
				CLANG_WARN_ENUM_CONVERSION = YES;
				CLANG_WARN_INFINITE_RECURSION = YES;
				CLANG_WARN_INT_CONVERSION = YES;
				CLANG_WARN_NON_LITERAL_NULL_CONVERSION = YES;
				CLANG_WARN_OBJC_IMPLICIT_RETAIN_SELF = YES;
				CLANG_WARN_OBJC_LITERAL_CONVERSION = YES;
				CLANG_WARN_OBJC_ROOT_CLASS = YES_ERROR;
				CLANG_WARN_QUOTED_INCLUDE_IN_FRAMEWORK_HEADER = YES;
				CLANG_WARN_RANGE_LOOP_ANALYSIS = YES;
				CLANG_WARN_STRICT_PROTOTYPES = YES;
				CLANG_WARN_SUSPICIOUS_MOVE = YES;
				CLANG_WARN_UNGUARDED_AVAILABILITY = YES_AGGRESSIVE;
				CLANG_WARN_UNREACHABLE_CODE = YES;
				CLANG_WARN__DUPLICATE_METHOD_MATCH = YES;
				COPY_PHASE_STRIP = NO;
				DEBUG_INFORMATION_FORMAT = "dwarf-with-dsym";
				ENABLE_NS_ASSERTIONS = NO;
				ENABLE_STRICT_OBJC_MSGSEND = YES;
				ENABLE_USER_SCRIPT_SANDBOXING = YES;
				GCC_C_LANGUAGE_STANDARD = gnu17;
				GCC_NO_COMMON_BLOCKS = YES;
				GCC_WARN_64_TO_32_BIT_CONVERSION = YES;
				GCC_WARN_ABOUT_RETURN_TYPE = YES_ERROR;
				GCC_WARN_UNDECLARED_SELECTOR = YES;
				GCC_WARN_UNINITIALIZED_AUTOS = YES_AGGRESSIVE;
				GCC_WARN_UNUSED_FUNCTION = YES;
				GCC_WARN_UNUSED_VARIABLE = YES;
				IPHONEOS_DEPLOYMENT_TARGET = 17.4;
				LOCALIZATION_PREFERS_STRING_CATALOGS = YES;
				MTL_ENABLE_DEBUG_INFO = NO;
				MTL_FAST_MATH = YES;
				SDKROOT = iphoneos;
				SWIFT_COMPILATION_MODE = wholemodule;
				VALIDATE_PRODUCT = YES;
			};
			name = Release;
		};
		38E1E0C02BF8E93C0063DF24 /* Debug */ = {
			isa = XCBuildConfiguration;
			buildSettings = {
				ASSETCATALOG_COMPILER_APPICON_NAME = AppIcon;
				ASSETCATALOG_COMPILER_GLOBAL_ACCENT_COLOR_NAME = AccentColor;
				CODE_SIGN_STYLE = Automatic;
				CURRENT_PROJECT_VERSION = 1;
				DEVELOPMENT_ASSET_PATHS = "\"SkyPulse/Preview Content\"";
				ENABLE_PREVIEWS = YES;
				GENERATE_INFOPLIST_FILE = YES;
				INFOPLIST_KEY_NSLocationAlwaysUsageDescription = "We need your location to provide you with weather updates";
				INFOPLIST_KEY_NSLocationWhenInUseUsageDescription = "We need your location to provide you with weather updates";
				INFOPLIST_KEY_UIApplicationSceneManifest_Generation = YES;
				INFOPLIST_KEY_UIApplicationSupportsIndirectInputEvents = YES;
				INFOPLIST_KEY_UILaunchScreen_Generation = YES;
				INFOPLIST_KEY_UISupportedInterfaceOrientations_iPad = "UIInterfaceOrientationPortrait UIInterfaceOrientationPortraitUpsideDown UIInterfaceOrientationLandscapeLeft UIInterfaceOrientationLandscapeRight";
				INFOPLIST_KEY_UISupportedInterfaceOrientations_iPhone = "UIInterfaceOrientationPortrait UIInterfaceOrientationLandscapeLeft UIInterfaceOrientationLandscapeRight";
				LD_RUNPATH_SEARCH_PATHS = (
					"$(inherited)",
					"@executable_path/Frameworks",
				);
				MARKETING_VERSION = 1.0;
				PRODUCT_BUNDLE_IDENTIFIER = salma.SkyPulse;
				PRODUCT_NAME = "$(TARGET_NAME)";
				SWIFT_EMIT_LOC_STRINGS = YES;
				SWIFT_VERSION = 5.0;
				TARGETED_DEVICE_FAMILY = "1,2";
			};
			name = Debug;
		};
		38E1E0C12BF8E93C0063DF24 /* Release */ = {
			isa = XCBuildConfiguration;
			buildSettings = {
				ASSETCATALOG_COMPILER_APPICON_NAME = AppIcon;
				ASSETCATALOG_COMPILER_GLOBAL_ACCENT_COLOR_NAME = AccentColor;
				CODE_SIGN_STYLE = Automatic;
				CURRENT_PROJECT_VERSION = 1;
				DEVELOPMENT_ASSET_PATHS = "\"SkyPulse/Preview Content\"";
				ENABLE_PREVIEWS = YES;
				GENERATE_INFOPLIST_FILE = YES;
				INFOPLIST_KEY_NSLocationAlwaysUsageDescription = "We need your location to provide you with weather updates";
				INFOPLIST_KEY_NSLocationWhenInUseUsageDescription = "We need your location to provide you with weather updates";
				INFOPLIST_KEY_UIApplicationSceneManifest_Generation = YES;
				INFOPLIST_KEY_UIApplicationSupportsIndirectInputEvents = YES;
				INFOPLIST_KEY_UILaunchScreen_Generation = YES;
				INFOPLIST_KEY_UISupportedInterfaceOrientations_iPad = "UIInterfaceOrientationPortrait UIInterfaceOrientationPortraitUpsideDown UIInterfaceOrientationLandscapeLeft UIInterfaceOrientationLandscapeRight";
				INFOPLIST_KEY_UISupportedInterfaceOrientations_iPhone = "UIInterfaceOrientationPortrait UIInterfaceOrientationLandscapeLeft UIInterfaceOrientationLandscapeRight";
				LD_RUNPATH_SEARCH_PATHS = (
					"$(inherited)",
					"@executable_path/Frameworks",
				);
				MARKETING_VERSION = 1.0;
				PRODUCT_BUNDLE_IDENTIFIER = salma.SkyPulse;
				PRODUCT_NAME = "$(TARGET_NAME)";
				SWIFT_EMIT_LOC_STRINGS = YES;
				SWIFT_VERSION = 5.0;
				TARGETED_DEVICE_FAMILY = "1,2";
			};
			name = Release;
		};
		38E1E0C32BF8E93C0063DF24 /* Debug */ = {
			isa = XCBuildConfiguration;
			buildSettings = {
				ALWAYS_EMBED_SWIFT_STANDARD_LIBRARIES = YES;
				BUNDLE_LOADER = "$(TEST_HOST)";
				CODE_SIGN_STYLE = Automatic;
				CURRENT_PROJECT_VERSION = 1;
				GENERATE_INFOPLIST_FILE = YES;
				IPHONEOS_DEPLOYMENT_TARGET = 17.4;
				MARKETING_VERSION = 1.0;
				PRODUCT_BUNDLE_IDENTIFIER = salma.SkyPulseTests;
				PRODUCT_NAME = "$(TARGET_NAME)";
				SWIFT_EMIT_LOC_STRINGS = NO;
				SWIFT_VERSION = 5.0;
				TARGETED_DEVICE_FAMILY = "1,2";
				TEST_HOST = "$(BUILT_PRODUCTS_DIR)/SkyPulse.app/$(BUNDLE_EXECUTABLE_FOLDER_PATH)/SkyPulse";
			};
			name = Debug;
		};
		38E1E0C42BF8E93C0063DF24 /* Release */ = {
			isa = XCBuildConfiguration;
			buildSettings = {
				ALWAYS_EMBED_SWIFT_STANDARD_LIBRARIES = YES;
				BUNDLE_LOADER = "$(TEST_HOST)";
				CODE_SIGN_STYLE = Automatic;
				CURRENT_PROJECT_VERSION = 1;
				GENERATE_INFOPLIST_FILE = YES;
				IPHONEOS_DEPLOYMENT_TARGET = 17.4;
				MARKETING_VERSION = 1.0;
				PRODUCT_BUNDLE_IDENTIFIER = salma.SkyPulseTests;
				PRODUCT_NAME = "$(TARGET_NAME)";
				SWIFT_EMIT_LOC_STRINGS = NO;
				SWIFT_VERSION = 5.0;
				TARGETED_DEVICE_FAMILY = "1,2";
				TEST_HOST = "$(BUILT_PRODUCTS_DIR)/SkyPulse.app/$(BUNDLE_EXECUTABLE_FOLDER_PATH)/SkyPulse";
			};
			name = Release;
		};
		38E1E0C62BF8E93C0063DF24 /* Debug */ = {
			isa = XCBuildConfiguration;
			buildSettings = {
				ALWAYS_EMBED_SWIFT_STANDARD_LIBRARIES = YES;
				CODE_SIGN_STYLE = Automatic;
				CURRENT_PROJECT_VERSION = 1;
				GENERATE_INFOPLIST_FILE = YES;
				MARKETING_VERSION = 1.0;
				PRODUCT_BUNDLE_IDENTIFIER = salma.SkyPulseUITests;
				PRODUCT_NAME = "$(TARGET_NAME)";
				SWIFT_EMIT_LOC_STRINGS = NO;
				SWIFT_VERSION = 5.0;
				TARGETED_DEVICE_FAMILY = "1,2";
				TEST_TARGET_NAME = SkyPulse;
			};
			name = Debug;
		};
		38E1E0C72BF8E93C0063DF24 /* Release */ = {
			isa = XCBuildConfiguration;
			buildSettings = {
				ALWAYS_EMBED_SWIFT_STANDARD_LIBRARIES = YES;
				CODE_SIGN_STYLE = Automatic;
				CURRENT_PROJECT_VERSION = 1;
				GENERATE_INFOPLIST_FILE = YES;
				MARKETING_VERSION = 1.0;
				PRODUCT_BUNDLE_IDENTIFIER = salma.SkyPulseUITests;
				PRODUCT_NAME = "$(TARGET_NAME)";
				SWIFT_EMIT_LOC_STRINGS = NO;
				SWIFT_VERSION = 5.0;
				TARGETED_DEVICE_FAMILY = "1,2";
				TEST_TARGET_NAME = SkyPulse;
			};
			name = Release;
		};
/* End XCBuildConfiguration section */

/* Begin XCConfigurationList section */
		38E1E0962BF8E9390063DF24 /* Build configuration list for PBXProject "SkyPulse" */ = {
			isa = XCConfigurationList;
			buildConfigurations = (
				38E1E0BD2BF8E93C0063DF24 /* Debug */,
				38E1E0BE2BF8E93C0063DF24 /* Release */,
			);
			defaultConfigurationIsVisible = 0;
			defaultConfigurationName = Release;
		};
		38E1E0BF2BF8E93C0063DF24 /* Build configuration list for PBXNativeTarget "SkyPulse" */ = {
			isa = XCConfigurationList;
			buildConfigurations = (
				38E1E0C02BF8E93C0063DF24 /* Debug */,
				38E1E0C12BF8E93C0063DF24 /* Release */,
			);
			defaultConfigurationIsVisible = 0;
			defaultConfigurationName = Release;
		};
		38E1E0C22BF8E93C0063DF24 /* Build configuration list for PBXNativeTarget "SkyPulseTests" */ = {
			isa = XCConfigurationList;
			buildConfigurations = (
				38E1E0C32BF8E93C0063DF24 /* Debug */,
				38E1E0C42BF8E93C0063DF24 /* Release */,
			);
			defaultConfigurationIsVisible = 0;
			defaultConfigurationName = Release;
		};
		38E1E0C52BF8E93C0063DF24 /* Build configuration list for PBXNativeTarget "SkyPulseUITests" */ = {
			isa = XCConfigurationList;
			buildConfigurations = (
				38E1E0C62BF8E93C0063DF24 /* Debug */,
				38E1E0C72BF8E93C0063DF24 /* Release */,
			);
			defaultConfigurationIsVisible = 0;
			defaultConfigurationName = Release;
		};
/* End XCConfigurationList section */
	};
	rootObject = 38E1E0932BF8E9390063DF24 /* Project object */;
}
