// !$*UTF8*$!
{
	archiveVersion = 1;
	classes = {
	};
	objectVersion = 56;
	objects = {

/* Begin PBXBuildFile section */
		380CCCB02BF959F800D01B23 /* Day.png in Resources */ = {isa = PBXBuildFile; fileRef = 380CCCAF2BF959F800D01B23 /* Day.png */; };
		380CCCF52BFA50C100D01B23 /* ForecastDayRow.swift in Sources */ = {isa = PBXBuildFile; fileRef = 380CCCF42BFA50C100D01B23 /* ForecastDayRow.swift */; };
		380CCCFA2BFA7F8800D01B23 /* MainScreenViewModel.swift in Sources */ = {isa = PBXBuildFile; fileRef = 380CCCF92BFA7F8800D01B23 /* MainScreenViewModel.swift */; };
		380CCCFD2BFA836F00D01B23 /* MainScreenView.swift in Sources */ = {isa = PBXBuildFile; fileRef = 380CCCFC2BFA836F00D01B23 /* MainScreenView.swift */; };
		380CCD002BFAB5CB00D01B23 /* Kingfisher in Frameworks */ = {isa = PBXBuildFile; productRef = 380CCCFF2BFAB5CB00D01B23 /* Kingfisher */; };
		38872F1C2BFB1A78005FAF1B /* DetailsScreenViewModel.swift in Sources */ = {isa = PBXBuildFile; fileRef = 38872F1B2BFB1A78005FAF1B /* DetailsScreenViewModel.swift */; };
		38872F202BFB51B5005FAF1B /* DetailsScreenView.swift in Sources */ = {isa = PBXBuildFile; fileRef = 38872F1F2BFB51B5005FAF1B /* DetailsScreenView.swift */; };
		38E1E09F2BF8E9390063DF24 /* SkyPulseApp.swift in Sources */ = {isa = PBXBuildFile; fileRef = 38E1E09E2BF8E9390063DF24 /* SkyPulseApp.swift */; };
		38E1E0A12BF8E9390063DF24 /* ContentView.swift in Sources */ = {isa = PBXBuildFile; fileRef = 38E1E0A02BF8E9390063DF24 /* ContentView.swift */; };
		38E1E0A32BF8E93C0063DF24 /* Assets.xcassets in Resources */ = {isa = PBXBuildFile; fileRef = 38E1E0A22BF8E93C0063DF24 /* Assets.xcassets */; };
		38E1E0A62BF8E93C0063DF24 /* Preview Assets.xcassets in Resources */ = {isa = PBXBuildFile; fileRef = 38E1E0A52BF8E93C0063DF24 /* Preview Assets.xcassets */; };
		38E1E0C92BF8F2FC0063DF24 /* LocationManager.swift in Sources */ = {isa = PBXBuildFile; fileRef = 38E1E0C82BF8F2FC0063DF24 /* LocationManager.swift */; };
		38E1E0CE2BF8F6B00063DF24 /* WeatherData.swift in Sources */ = {isa = PBXBuildFile; fileRef = 38E1E0CD2BF8F6B00063DF24 /* WeatherData.swift */; };
		38E1E0D02BF912680063DF24 /* NetworkManager.swift in Sources */ = {isa = PBXBuildFile; fileRef = 38E1E0CF2BF912680063DF24 /* NetworkManager.swift */; };
		38EB13862BFBD66700C6CD9A /* Night.png in Resources */ = {isa = PBXBuildFile; fileRef = 38EB13852BFBD66700C6CD9A /* Night.png */; };
/* End PBXBuildFile section */

/* Begin PBXFileReference section */
		380CCCAF2BF959F800D01B23 /* Day.png */ = {isa = PBXFileReference; lastKnownFileType = image.png; name = Day.png; path = "../../../../Desktop/ITI/SwiftUI/Project/SwiftUI Project Specs/Day.png"; sourceTree = "<group>"; };
		380CCCF42BFA50C100D01B23 /* ForecastDayRow.swift */ = {isa = PBXFileReference; lastKnownFileType = sourcecode.swift; path = ForecastDayRow.swift; sourceTree = "<group>"; };
		380CCCF92BFA7F8800D01B23 /* MainScreenViewModel.swift */ = {isa = PBXFileReference; lastKnownFileType = sourcecode.swift; path = MainScreenViewModel.swift; sourceTree = "<group>"; };
		380CCCFC2BFA836F00D01B23 /* MainScreenView.swift */ = {isa = PBXFileReference; lastKnownFileType = sourcecode.swift; path = MainScreenView.swift; sourceTree = "<group>"; };
		38872F1B2BFB1A78005FAF1B /* DetailsScreenViewModel.swift */ = {isa = PBXFileReference; lastKnownFileType = sourcecode.swift; path = DetailsScreenViewModel.swift; sourceTree = "<group>"; };
		38872F1F2BFB51B5005FAF1B /* DetailsScreenView.swift */ = {isa = PBXFileReference; lastKnownFileType = sourcecode.swift; path = DetailsScreenView.swift; sourceTree = "<group>"; };
		38E1E09B2BF8E9390063DF24 /* SkyPulse.app */ = {isa = PBXFileReference; explicitFileType = wrapper.application; includeInIndex = 0; path = SkyPulse.app; sourceTree = BUILT_PRODUCTS_DIR; };
		38E1E09E2BF8E9390063DF24 /* SkyPulseApp.swift */ = {isa = PBXFileReference; lastKnownFileType = sourcecode.swift; path = SkyPulseApp.swift; sourceTree = "<group>"; };
		38E1E0A02BF8E9390063DF24 /* ContentView.swift */ = {isa = PBXFileReference; lastKnownFileType = sourcecode.swift; path = ContentView.swift; sourceTree = "<group>"; };
		38E1E0A22BF8E93C0063DF24 /* Assets.xcassets */ = {isa = PBXFileReference; lastKnownFileType = folder.assetcatalog; path = Assets.xcassets; sourceTree = "<group>"; };
		38E1E0A52BF8E93C0063DF24 /* Preview Assets.xcassets */ = {isa = PBXFileReference; lastKnownFileType = folder.assetcatalog; path = "Preview Assets.xcassets"; sourceTree = "<group>"; };
		38E1E0C82BF8F2FC0063DF24 /* LocationManager.swift */ = {isa = PBXFileReference; lastKnownFileType = sourcecode.swift; path = LocationManager.swift; sourceTree = "<group>"; };
		38E1E0CD2BF8F6B00063DF24 /* WeatherData.swift */ = {isa = PBXFileReference; lastKnownFileType = sourcecode.swift; path = WeatherData.swift; sourceTree = "<group>"; };
		38E1E0CF2BF912680063DF24 /* NetworkManager.swift */ = {isa = PBXFileReference; lastKnownFileType = sourcecode.swift; path = NetworkManager.swift; sourceTree = "<group>"; };
		38EB13852BFBD66700C6CD9A /* Night.png */ = {isa = PBXFileReference; lastKnownFileType = image.png; name = Night.png; path = "../../../../Desktop/ITI/SwiftUI/Project/SwiftUI Project Specs/Night.png"; sourceTree = "<group>"; };
/* End PBXFileReference section */

/* Begin PBXFrameworksBuildPhase section */
		38E1E0982BF8E9390063DF24 /* Frameworks */ = {
			isa = PBXFrameworksBuildPhase;
			buildActionMask = 2147483647;
			files = (
				380CCD002BFAB5CB00D01B23 /* Kingfisher in Frameworks */,
			);
			runOnlyForDeploymentPostprocessing = 0;
		};
/* End PBXFrameworksBuildPhase section */

/* Begin PBXGroup section */
		380CCCF72BFA7F5C00D01B23 /* MainScreen */ = {
			isa = PBXGroup;
			children = (
				380CCCFB2BFA7F9D00D01B23 /* View */,
				380CCCF82BFA7F6C00D01B23 /* ViewModel */,
			);
			path = MainScreen;
			sourceTree = "<group>";
		};
		380CCCF82BFA7F6C00D01B23 /* ViewModel */ = {
			isa = PBXGroup;
			children = (
				380CCCF92BFA7F8800D01B23 /* MainScreenViewModel.swift */,
			);
			path = ViewModel;
			sourceTree = "<group>";
		};
		380CCCFB2BFA7F9D00D01B23 /* View */ = {
			isa = PBXGroup;
			children = (
				380CCCF42BFA50C100D01B23 /* ForecastDayRow.swift */,
				380CCCFC2BFA836F00D01B23 /* MainScreenView.swift */,
			);
			path = View;
			sourceTree = "<group>";
		};
		38872F182BFB1A3D005FAF1B /* DetailsScreen */ = {
			isa = PBXGroup;
			children = (
				38872F1A2BFB1A55005FAF1B /* ViewModel */,
				38872F192BFB1A4A005FAF1B /* View */,
			);
			path = DetailsScreen;
			sourceTree = "<group>";
		};
		38872F192BFB1A4A005FAF1B /* View */ = {
			isa = PBXGroup;
			children = (
				38872F1F2BFB51B5005FAF1B /* DetailsScreenView.swift */,
			);
			path = View;
			sourceTree = "<group>";
		};
		38872F1A2BFB1A55005FAF1B /* ViewModel */ = {
			isa = PBXGroup;
			children = (
				38872F1B2BFB1A78005FAF1B /* DetailsScreenViewModel.swift */,
			);
			path = ViewModel;
			sourceTree = "<group>";
		};
		38E1E0922BF8E9390063DF24 = {
			isa = PBXGroup;
			children = (
				38E1E09D2BF8E9390063DF24 /* SkyPulse */,
				38E1E09C2BF8E9390063DF24 /* Products */,
			);
			sourceTree = "<group>";
		};
		38E1E09C2BF8E9390063DF24 /* Products */ = {
			isa = PBXGroup;
			children = (
				38E1E09B2BF8E9390063DF24 /* SkyPulse.app */,
			);
			name = Products;
			sourceTree = "<group>";
		};
		38E1E09D2BF8E9390063DF24 /* SkyPulse */ = {
			isa = PBXGroup;
			children = (
				38E1E0CC2BF8F6890063DF24 /* Model */,
				38E1E0CA2BF8F65F0063DF24 /* Modules */,
				38E1E09E2BF8E9390063DF24 /* SkyPulseApp.swift */,
				38E1E0A02BF8E9390063DF24 /* ContentView.swift */,
				380CCCAF2BF959F800D01B23 /* Day.png */,
				38EB13852BFBD66700C6CD9A /* Night.png */,
				38E1E0A22BF8E93C0063DF24 /* Assets.xcassets */,
				38E1E0A42BF8E93C0063DF24 /* Preview Content */,
			);
			path = SkyPulse;
			sourceTree = "<group>";
		};
		38E1E0A42BF8E93C0063DF24 /* Preview Content */ = {
			isa = PBXGroup;
			children = (
				38E1E0A52BF8E93C0063DF24 /* Preview Assets.xcassets */,
			);
			path = "Preview Content";
			sourceTree = "<group>";
		};
		38E1E0CA2BF8F65F0063DF24 /* Modules */ = {
			isa = PBXGroup;
			children = (
				38872F182BFB1A3D005FAF1B /* DetailsScreen */,
				380CCCF72BFA7F5C00D01B23 /* MainScreen */,
			);
			path = Modules;
			sourceTree = "<group>";
		};
		38E1E0CC2BF8F6890063DF24 /* Model */ = {
			isa = PBXGroup;
			children = (
				38E1E0C82BF8F2FC0063DF24 /* LocationManager.swift */,
				38E1E0CF2BF912680063DF24 /* NetworkManager.swift */,
				38E1E0CD2BF8F6B00063DF24 /* WeatherData.swift */,
			);
			path = Model;
			sourceTree = "<group>";
		};
/* End PBXGroup section */

/* Begin PBXNativeTarget section */
		38E1E09A2BF8E9390063DF24 /* SkyPulse */ = {
			isa = PBXNativeTarget;
			buildConfigurationList = 38E1E0BF2BF8E93C0063DF24 /* Build configuration list for PBXNativeTarget "SkyPulse" */;
			buildPhases = (
				38E1E0972BF8E9390063DF24 /* Sources */,
				38E1E0982BF8E9390063DF24 /* Frameworks */,
				38E1E0992BF8E9390063DF24 /* Resources */,
			);
			buildRules = (
			);
			dependencies = (
			);
			name = SkyPulse;
			packageProductDependencies = (
				380CCCFF2BFAB5CB00D01B23 /* Kingfisher */,
			);
			productName = SkyPulse;
			productReference = 38E1E09B2BF8E9390063DF24 /* SkyPulse.app */;
			productType = "com.apple.product-type.application";
		};
/* End PBXNativeTarget section */

/* Begin PBXProject section */
		38E1E0932BF8E9390063DF24 /* Project object */ = {
			isa = PBXProject;
			attributes = {
				BuildIndependentTargetsInParallel = 1;
				LastSwiftUpdateCheck = 1530;
				LastUpgradeCheck = 1530;
				TargetAttributes = {
					38E1E09A2BF8E9390063DF24 = {
						CreatedOnToolsVersion = 15.3;
					};
				};
			};
			buildConfigurationList = 38E1E0962BF8E9390063DF24 /* Build configuration list for PBXProject "SkyPulse" */;
			compatibilityVersion = "Xcode 14.0";
			developmentRegion = en;
			hasScannedForEncodings = 0;
			knownRegions = (
				en,
				Base,
			);
			mainGroup = 38E1E0922BF8E9390063DF24;
			packageReferences = (
				380CCCFE2BFAB5CB00D01B23 /* XCRemoteSwiftPackageReference "Kingfisher" */,
			);
			productRefGroup = 38E1E09C2BF8E9390063DF24 /* Products */;
			projectDirPath = "";
			projectRoot = "";
			targets = (
				38E1E09A2BF8E9390063DF24 /* SkyPulse */,
			);
		};
/* End PBXProject section */

/* Begin PBXResourcesBuildPhase section */
		38E1E0992BF8E9390063DF24 /* Resources */ = {
			isa = PBXResourcesBuildPhase;
			buildActionMask = 2147483647;
			files = (
				380CCCB02BF959F800D01B23 /* Day.png in Resources */,
				38E1E0A62BF8E93C0063DF24 /* Preview Assets.xcassets in Resources */,
				38EB13862BFBD66700C6CD9A /* Night.png in Resources */,
				38E1E0A32BF8E93C0063DF24 /* Assets.xcassets in Resources */,
			);
			runOnlyForDeploymentPostprocessing = 0;
		};
/* End PBXResourcesBuildPhase section */

/* Begin PBXSourcesBuildPhase section */
		38E1E0972BF8E9390063DF24 /* Sources */ = {
			isa = PBXSourcesBuildPhase;
			buildActionMask = 2147483647;
			files = (
				38E1E0CE2BF8F6B00063DF24 /* WeatherData.swift in Sources */,
				38E1E0A12BF8E9390063DF24 /* ContentView.swift in Sources */,
				380CCCF52BFA50C100D01B23 /* ForecastDayRow.swift in Sources */,
				380CCCFD2BFA836F00D01B23 /* MainScreenView.swift in Sources */,
				38872F1C2BFB1A78005FAF1B /* DetailsScreenViewModel.swift in Sources */,
				380CCCFA2BFA7F8800D01B23 /* MainScreenViewModel.swift in Sources */,
				38E1E0D02BF912680063DF24 /* NetworkManager.swift in Sources */,
				38E1E09F2BF8E9390063DF24 /* SkyPulseApp.swift in Sources */,
				38E1E0C92BF8F2FC0063DF24 /* LocationManager.swift in Sources */,
				38872F202BFB51B5005FAF1B /* DetailsScreenView.swift in Sources */,
			);
			runOnlyForDeploymentPostprocessing = 0;
		};
/* End PBXSourcesBuildPhase section */

/* Begin XCBuildConfiguration section */
		38E1E0BD2BF8E93C0063DF24 /* Debug */ = {
			isa = XCBuildConfiguration;
			buildSettings = {
				ALWAYS_SEARCH_USER_PATHS = NO;
				ASSETCATALOG_COMPILER_GENERATE_SWIFT_ASSET_SYMBOL_EXTENSIONS = YES;
				CLANG_ANALYZER_NONNULL = YES;
				CLANG_ANALYZER_NUMBER_OBJECT_CONVERSION = YES_AGGRESSIVE;
				CLANG_CXX_LANGUAGE_STANDARD = "gnu++20";
				CLANG_ENABLE_MODULES = YES;
				CLANG_ENABLE_OBJC_ARC = YES;
				CLANG_ENABLE_OBJC_WEAK = YES;
				CLANG_WARN_BLOCK_CAPTURE_AUTORELEASING = YES;
				CLANG_WARN_BOOL_CONVERSION = YES;
				CLANG_WARN_COMMA = YES;
				CLANG_WARN_CONSTANT_CONVERSION = YES;
				CLANG_WARN_DEPRECATED_OBJC_IMPLEMENTATIONS = YES;
				CLANG_WARN_DIRECT_OBJC_ISA_USAGE = YES_ERROR;
				CLANG_WARN_DOCUMENTATION_COMMENTS = YES;
				CLANG_WARN_EMPTY_BODY = YES;
				CLANG_WARN_ENUM_CONVERSION = YES;
				CLANG_WARN_INFINITE_RECURSION = YES;
				CLANG_WARN_INT_CONVERSION = YES;
				CLANG_WARN_NON_LITERAL_NULL_CONVERSION = YES;
				CLANG_WARN_OBJC_IMPLICIT_RETAIN_SELF = YES;
				CLANG_WARN_OBJC_LITERAL_CONVERSION = YES;
				CLANG_WARN_OBJC_ROOT_CLASS = YES_ERROR;
				CLANG_WARN_QUOTED_INCLUDE_IN_FRAMEWORK_HEADER = YES;
				CLANG_WARN_RANGE_LOOP_ANALYSIS = YES;
				CLANG_WARN_STRICT_PROTOTYPES = YES;
				CLANG_WARN_SUSPICIOUS_MOVE = YES;
				CLANG_WARN_UNGUARDED_AVAILABILITY = YES_AGGRESSIVE;
				CLANG_WARN_UNREACHABLE_CODE = YES;
				CLANG_WARN__DUPLICATE_METHOD_MATCH = YES;
				COPY_PHASE_STRIP = NO;
				DEBUG_INFORMATION_FORMAT = dwarf;
				ENABLE_STRICT_OBJC_MSGSEND = YES;
				ENABLE_TESTABILITY = YES;
				ENABLE_USER_SCRIPT_SANDBOXING = YES;
				GCC_C_LANGUAGE_STANDARD = gnu17;
				GCC_DYNAMIC_NO_PIC = NO;
				GCC_NO_COMMON_BLOCKS = YES;
				GCC_OPTIMIZATION_LEVEL = 0;
				GCC_PREPROCESSOR_DEFINITIONS = (
					"DEBUG=1",
					"$(inherited)",
				);
				GCC_WARN_64_TO_32_BIT_CONVERSION = YES;
				GCC_WARN_ABOUT_RETURN_TYPE = YES_ERROR;
				GCC_WARN_UNDECLARED_SELECTOR = YES;
				GCC_WARN_UNINITIALIZED_AUTOS = YES_AGGRESSIVE;
				GCC_WARN_UNUSED_FUNCTION = YES;
				GCC_WARN_UNUSED_VARIABLE = YES;
				IPHONEOS_DEPLOYMENT_TARGET = 17.4;
				LOCALIZATION_PREFERS_STRING_CATALOGS = YES;
				MTL_ENABLE_DEBUG_INFO = INCLUDE_SOURCE;
				MTL_FAST_MATH = YES;
				ONLY_ACTIVE_ARCH = YES;
				SDKROOT = iphoneos;
				SWIFT_ACTIVE_COMPILATION_CONDITIONS = "DEBUG $(inherited)";
				SWIFT_OPTIMIZATION_LEVEL = "-Onone";
			};
			name = Debug;
		};
		38E1E0BE2BF8E93C0063DF24 /* Release */ = {
			isa = XCBuildConfiguration;
			buildSettings = {
				ALWAYS_SEARCH_USER_PATHS = NO;
				ASSETCATALOG_COMPILER_GENERATE_SWIFT_ASSET_SYMBOL_EXTENSIONS = YES;
				CLANG_ANALYZER_NONNULL = YES;
				CLANG_ANALYZER_NUMBER_OBJECT_CONVERSION = YES_AGGRESSIVE;
				CLANG_CXX_LANGUAGE_STANDARD = "gnu++20";
				CLANG_ENABLE_MODULES = YES;
				CLANG_ENABLE_OBJC_ARC = YES;
				CLANG_ENABLE_OBJC_WEAK = YES;
				CLANG_WARN_BLOCK_CAPTURE_AUTORELEASING = YES;
				CLANG_WARN_BOOL_CONVERSION = YES;
				CLANG_WARN_COMMA = YES;
				CLANG_WARN_CONSTANT_CONVERSION = YES;
				CLANG_WARN_DEPRECATED_OBJC_IMPLEMENTATIONS = YES;
				CLANG_WARN_DIRECT_OBJC_ISA_USAGE = YES_ERROR;
				CLANG_WARN_DOCUMENTATION_COMMENTS = YES;
				CLANG_WARN_EMPTY_BODY = YES;
				CLANG_WARN_ENUM_CONVERSION = YES;
				CLANG_WARN_INFINITE_RECURSION = YES;
				CLANG_WARN_INT_CONVERSION = YES;
				CLANG_WARN_NON_LITERAL_NULL_CONVERSION = YES;
				CLANG_WARN_OBJC_IMPLICIT_RETAIN_SELF = YES;
				CLANG_WARN_OBJC_LITERAL_CONVERSION = YES;
				CLANG_WARN_OBJC_ROOT_CLASS = YES_ERROR;
				CLANG_WARN_QUOTED_INCLUDE_IN_FRAMEWORK_HEADER = YES;
				CLANG_WARN_RANGE_LOOP_ANALYSIS = YES;
				CLANG_WARN_STRICT_PROTOTYPES = YES;
				CLANG_WARN_SUSPICIOUS_MOVE = YES;
				CLANG_WARN_UNGUARDED_AVAILABILITY = YES_AGGRESSIVE;
				CLANG_WARN_UNREACHABLE_CODE = YES;
				CLANG_WARN__DUPLICATE_METHOD_MATCH = YES;
				COPY_PHASE_STRIP = NO;
				DEBUG_INFORMATION_FORMAT = "dwarf-with-dsym";
				ENABLE_NS_ASSERTIONS = NO;
				ENABLE_STRICT_OBJC_MSGSEND = YES;
				ENABLE_USER_SCRIPT_SANDBOXING = YES;
				GCC_C_LANGUAGE_STANDARD = gnu17;
				GCC_NO_COMMON_BLOCKS = YES;
				GCC_WARN_64_TO_32_BIT_CONVERSION = YES;
				GCC_WARN_ABOUT_RETURN_TYPE = YES_ERROR;
				GCC_WARN_UNDECLARED_SELECTOR = YES;
				GCC_WARN_UNINITIALIZED_AUTOS = YES_AGGRESSIVE;
				GCC_WARN_UNUSED_FUNCTION = YES;
				GCC_WARN_UNUSED_VARIABLE = YES;
				IPHONEOS_DEPLOYMENT_TARGET = 17.4;
				LOCALIZATION_PREFERS_STRING_CATALOGS = YES;
				MTL_ENABLE_DEBUG_INFO = NO;
				MTL_FAST_MATH = YES;
				SDKROOT = iphoneos;
				SWIFT_COMPILATION_MODE = wholemodule;
				VALIDATE_PRODUCT = YES;
			};
			name = Release;
		};
		38E1E0C02BF8E93C0063DF24 /* Debug */ = {
			isa = XCBuildConfiguration;
			buildSettings = {
				ASSETCATALOG_COMPILER_APPICON_NAME = AppIcon;
				ASSETCATALOG_COMPILER_GLOBAL_ACCENT_COLOR_NAME = AccentColor;
				CODE_SIGN_STYLE = Automatic;
				CURRENT_PROJECT_VERSION = 1;
				DEVELOPMENT_ASSET_PATHS = "\"SkyPulse/Preview Content\"";
				ENABLE_PREVIEWS = YES;
				GENERATE_INFOPLIST_FILE = YES;
				INFOPLIST_KEY_NSLocationAlwaysUsageDescription = "We need your location to provide you with weather updates";
				INFOPLIST_KEY_NSLocationWhenInUseUsageDescription = "We need your location to provide you with weather updates";
				INFOPLIST_KEY_UIApplicationSceneManifest_Generation = YES;
				INFOPLIST_KEY_UIApplicationSupportsIndirectInputEvents = YES;
				INFOPLIST_KEY_UILaunchScreen_Generation = YES;
				INFOPLIST_KEY_UISupportedInterfaceOrientations_iPad = "UIInterfaceOrientationPortrait UIInterfaceOrientationPortraitUpsideDown UIInterfaceOrientationLandscapeLeft UIInterfaceOrientationLandscapeRight";
				INFOPLIST_KEY_UISupportedInterfaceOrientations_iPhone = "UIInterfaceOrientationPortrait UIInterfaceOrientationLandscapeLeft UIInterfaceOrientationLandscapeRight";
				LD_RUNPATH_SEARCH_PATHS = (
					"$(inherited)",
					"@executable_path/Frameworks",
				);
				MARKETING_VERSION = 1.0;
				PRODUCT_BUNDLE_IDENTIFIER = salma.SkyPulse;
				PRODUCT_NAME = "$(TARGET_NAME)";
				SWIFT_EMIT_LOC_STRINGS = YES;
				SWIFT_VERSION = 5.0;
				TARGETED_DEVICE_FAMILY = "1,2";
			};
			name = Debug;
		};
		38E1E0C12BF8E93C0063DF24 /* Release */ = {
			isa = XCBuildConfiguration;
			buildSettings = {
				ASSETCATALOG_COMPILER_APPICON_NAME = AppIcon;
				ASSETCATALOG_COMPILER_GLOBAL_ACCENT_COLOR_NAME = AccentColor;
				CODE_SIGN_STYLE = Automatic;
				CURRENT_PROJECT_VERSION = 1;
				DEVELOPMENT_ASSET_PATHS = "\"SkyPulse/Preview Content\"";
				ENABLE_PREVIEWS = YES;
				GENERATE_INFOPLIST_FILE = YES;
				INFOPLIST_KEY_NSLocationAlwaysUsageDescription = "We need your location to provide you with weather updates";
				INFOPLIST_KEY_NSLocationWhenInUseUsageDescription = "We need your location to provide you with weather updates";
				INFOPLIST_KEY_UIApplicationSceneManifest_Generation = YES;
				INFOPLIST_KEY_UIApplicationSupportsIndirectInputEvents = YES;
				INFOPLIST_KEY_UILaunchScreen_Generation = YES;
				INFOPLIST_KEY_UISupportedInterfaceOrientations_iPad = "UIInterfaceOrientationPortrait UIInterfaceOrientationPortraitUpsideDown UIInterfaceOrientationLandscapeLeft UIInterfaceOrientationLandscapeRight";
				INFOPLIST_KEY_UISupportedInterfaceOrientations_iPhone = "UIInterfaceOrientationPortrait UIInterfaceOrientationLandscapeLeft UIInterfaceOrientationLandscapeRight";
				LD_RUNPATH_SEARCH_PATHS = (
					"$(inherited)",
					"@executable_path/Frameworks",
				);
				MARKETING_VERSION = 1.0;
				PRODUCT_BUNDLE_IDENTIFIER = salma.SkyPulse;
				PRODUCT_NAME = "$(TARGET_NAME)";
				SWIFT_EMIT_LOC_STRINGS = YES;
				SWIFT_VERSION = 5.0;
				TARGETED_DEVICE_FAMILY = "1,2";
			};
			name = Release;
		};
/* End XCBuildConfiguration section */

/* Begin XCConfigurationList section */
		38E1E0962BF8E9390063DF24 /* Build configuration list for PBXProject "SkyPulse" */ = {
			isa = XCConfigurationList;
			buildConfigurations = (
				38E1E0BD2BF8E93C0063DF24 /* Debug */,
				38E1E0BE2BF8E93C0063DF24 /* Release */,
			);
			defaultConfigurationIsVisible = 0;
			defaultConfigurationName = Release;
		};
		38E1E0BF2BF8E93C0063DF24 /* Build configuration list for PBXNativeTarget "SkyPulse" */ = {
			isa = XCConfigurationList;
			buildConfigurations = (
				38E1E0C02BF8E93C0063DF24 /* Debug */,
				38E1E0C12BF8E93C0063DF24 /* Release */,
			);
			defaultConfigurationIsVisible = 0;
			defaultConfigurationName = Release;
		};
/* End XCConfigurationList section */

/* Begin XCRemoteSwiftPackageReference section */
		380CCCFE2BFAB5CB00D01B23 /* XCRemoteSwiftPackageReference "Kingfisher" */ = {
			isa = XCRemoteSwiftPackageReference;
			repositoryURL = "https://github.com/onevcat/Kingfisher.git";
			requirement = {
				kind = upToNextMajorVersion;
				minimumVersion = 7.11.0;
			};
		};
/* End XCRemoteSwiftPackageReference section */

/* Begin XCSwiftPackageProductDependency section */
		380CCCFF2BFAB5CB00D01B23 /* Kingfisher */ = {
			isa = XCSwiftPackageProductDependency;
			package = 380CCCFE2BFAB5CB00D01B23 /* XCRemoteSwiftPackageReference "Kingfisher" */;
			productName = Kingfisher;
		};
/* End XCSwiftPackageProductDependency section */
	};
	rootObject = 38E1E0932BF8E9390063DF24 /* Project object */;
}
